// !$*UTF8*$!
{
	archiveVersion = 1;
	classes = {
	};
	objectVersion = 51;
	objects = {

/* Begin PBXBuildFile section */
		5DAE71FF3FBC1C22C8CB8292 /* Pods_Twitter.framework in Frameworks */ = {isa = PBXBuildFile; fileRef = 481F0688BB8B424BD28E2116 /* Pods_Twitter.framework */; };
		E60621082478D43D00854C53 /* UserService.swift in Sources */ = {isa = PBXBuildFile; fileRef = E60621072478D43D00854C53 /* UserService.swift */; };
		E606210A2478D72F00854C53 /* User.swift in Sources */ = {isa = PBXBuildFile; fileRef = E60621092478D72F00854C53 /* User.swift */; };
		E64E04F2247C091A005D9E72 /* TweetViewModel.swift in Sources */ = {isa = PBXBuildFile; fileRef = E64E04F1247C091A005D9E72 /* TweetViewModel.swift */; };
		E656C06424739D6400E66F59 /* LoginController.swift in Sources */ = {isa = PBXBuildFile; fileRef = E656C06324739D6400E66F59 /* LoginController.swift */; };
		E656C0682473F95300E66F59 /* RegistrationController.swift in Sources */ = {isa = PBXBuildFile; fileRef = E656C0672473F95300E66F59 /* RegistrationController.swift */; };
		E656C06A2473FD9B00E66F59 /* Utilties.swift in Sources */ = {isa = PBXBuildFile; fileRef = E656C0692473FD9B00E66F59 /* Utilties.swift */; };
		E65B47F724754F9100667AA4 /* AuthService.swift in Sources */ = {isa = PBXBuildFile; fileRef = E65B47F624754F9100667AA4 /* AuthService.swift */; };
		E69AF9F22478DED70058372C /* UploadTweetController.swift in Sources */ = {isa = PBXBuildFile; fileRef = E69AF9F12478DED70058372C /* UploadTweetController.swift */; };
		E69AF9F42478E5780058372C /* CaptionTextView.swift in Sources */ = {isa = PBXBuildFile; fileRef = E69AF9F32478E5780058372C /* CaptionTextView.swift */; };
		E69AF9F62478E9160058372C /* TweetService.swift in Sources */ = {isa = PBXBuildFile; fileRef = E69AF9F52478E9160058372C /* TweetService.swift */; };
		E6D6677D2474121500E298B7 /* GoogleService-Info.plist in Resources */ = {isa = PBXBuildFile; fileRef = E6D6677C2474121500E298B7 /* GoogleService-Info.plist */; };
		E6DDC4CF2472DA360009CFF2 /* AppDelegate.swift in Sources */ = {isa = PBXBuildFile; fileRef = E6DDC4CE2472DA360009CFF2 /* AppDelegate.swift */; };
		E6DDC4D12472DA360009CFF2 /* SceneDelegate.swift in Sources */ = {isa = PBXBuildFile; fileRef = E6DDC4D02472DA360009CFF2 /* SceneDelegate.swift */; };
		E6DDC4D82472DA3A0009CFF2 /* Assets.xcassets in Resources */ = {isa = PBXBuildFile; fileRef = E6DDC4D72472DA3A0009CFF2 /* Assets.xcassets */; };
		E6DDC4DB2472DA3A0009CFF2 /* LaunchScreen.storyboard in Resources */ = {isa = PBXBuildFile; fileRef = E6DDC4D92472DA3A0009CFF2 /* LaunchScreen.storyboard */; };
		E6DDC4E92472DB320009CFF2 /* MainTabController.swift in Sources */ = {isa = PBXBuildFile; fileRef = E6DDC4E82472DB320009CFF2 /* MainTabController.swift */; };
		E6DDC4EB2472DC280009CFF2 /* FeedController.swift in Sources */ = {isa = PBXBuildFile; fileRef = E6DDC4EA2472DC280009CFF2 /* FeedController.swift */; };
		E6DDC4ED2472DC650009CFF2 /* ExploreController.swift in Sources */ = {isa = PBXBuildFile; fileRef = E6DDC4EC2472DC650009CFF2 /* ExploreController.swift */; };
		E6DDC4EF2472DC750009CFF2 /* ConversationsController.swift in Sources */ = {isa = PBXBuildFile; fileRef = E6DDC4EE2472DC750009CFF2 /* ConversationsController.swift */; };
		E6DDC4F12472DC840009CFF2 /* NotificationsController.swift in Sources */ = {isa = PBXBuildFile; fileRef = E6DDC4F02472DC840009CFF2 /* NotificationsController.swift */; };
		E6DDC4F32472E1DC0009CFF2 /* Extensions.swift in Sources */ = {isa = PBXBuildFile; fileRef = E6DDC4F22472E1DC0009CFF2 /* Extensions.swift */; };
		E6E9145524741877002FE31D /* Constants.swift in Sources */ = {isa = PBXBuildFile; fileRef = E6E9145424741877002FE31D /* Constants.swift */; };
		E6F7829D247A5AEC00F853F0 /* Tweet.swift in Sources */ = {isa = PBXBuildFile; fileRef = E6F7829C247A5AEC00F853F0 /* Tweet.swift */; };
		E6F7829F247A60BA00F853F0 /* TweetCell.swift in Sources */ = {isa = PBXBuildFile; fileRef = E6F7829E247A60BA00F853F0 /* TweetCell.swift */; };
/* End PBXBuildFile section */

/* Begin PBXFileReference section */
		481F0688BB8B424BD28E2116 /* Pods_Twitter.framework */ = {isa = PBXFileReference; explicitFileType = wrapper.framework; includeInIndex = 0; path = Pods_Twitter.framework; sourceTree = BUILT_PRODUCTS_DIR; };
		48C81CCD4CAACF871C9F406D /* Pods-Twitter.release.xcconfig */ = {isa = PBXFileReference; includeInIndex = 1; lastKnownFileType = text.xcconfig; name = "Pods-Twitter.release.xcconfig"; path = "Target Support Files/Pods-Twitter/Pods-Twitter.release.xcconfig"; sourceTree = "<group>"; };
		B9CC78999ED9A32BAD4956A5 /* Pods-Twitter.debug.xcconfig */ = {isa = PBXFileReference; includeInIndex = 1; lastKnownFileType = text.xcconfig; name = "Pods-Twitter.debug.xcconfig"; path = "Target Support Files/Pods-Twitter/Pods-Twitter.debug.xcconfig"; sourceTree = "<group>"; };
		E60621072478D43D00854C53 /* UserService.swift */ = {isa = PBXFileReference; lastKnownFileType = sourcecode.swift; path = UserService.swift; sourceTree = "<group>"; };
		E60621092478D72F00854C53 /* User.swift */ = {isa = PBXFileReference; lastKnownFileType = sourcecode.swift; path = User.swift; sourceTree = "<group>"; };
		E64E04F1247C091A005D9E72 /* TweetViewModel.swift */ = {isa = PBXFileReference; lastKnownFileType = sourcecode.swift; path = TweetViewModel.swift; sourceTree = "<group>"; };
		E656C06324739D6400E66F59 /* LoginController.swift */ = {isa = PBXFileReference; lastKnownFileType = sourcecode.swift; path = LoginController.swift; sourceTree = "<group>"; };
		E656C0672473F95300E66F59 /* RegistrationController.swift */ = {isa = PBXFileReference; lastKnownFileType = sourcecode.swift; path = RegistrationController.swift; sourceTree = "<group>"; };
		E656C0692473FD9B00E66F59 /* Utilties.swift */ = {isa = PBXFileReference; lastKnownFileType = sourcecode.swift; path = Utilties.swift; sourceTree = "<group>"; };
		E65B47F624754F9100667AA4 /* AuthService.swift */ = {isa = PBXFileReference; lastKnownFileType = sourcecode.swift; path = AuthService.swift; sourceTree = "<group>"; };
		E66DD54D24741DE000B17BA3 /* TwitterRelease.entitlements */ = {isa = PBXFileReference; lastKnownFileType = text.plist.entitlements; path = TwitterRelease.entitlements; sourceTree = "<group>"; };
		E69AF9F12478DED70058372C /* UploadTweetController.swift */ = {isa = PBXFileReference; lastKnownFileType = sourcecode.swift; path = UploadTweetController.swift; sourceTree = "<group>"; };
		E69AF9F32478E5780058372C /* CaptionTextView.swift */ = {isa = PBXFileReference; lastKnownFileType = sourcecode.swift; path = CaptionTextView.swift; sourceTree = "<group>"; };
		E69AF9F52478E9160058372C /* TweetService.swift */ = {isa = PBXFileReference; lastKnownFileType = sourcecode.swift; path = TweetService.swift; sourceTree = "<group>"; };
		E6D6677C2474121500E298B7 /* GoogleService-Info.plist */ = {isa = PBXFileReference; lastKnownFileType = text.plist; path = "GoogleService-Info.plist"; sourceTree = SOURCE_ROOT; };
		E6DDC4CB2472DA360009CFF2 /* Twitter.app */ = {isa = PBXFileReference; explicitFileType = wrapper.application; includeInIndex = 0; path = Twitter.app; sourceTree = BUILT_PRODUCTS_DIR; };
		E6DDC4CE2472DA360009CFF2 /* AppDelegate.swift */ = {isa = PBXFileReference; lastKnownFileType = sourcecode.swift; path = AppDelegate.swift; sourceTree = "<group>"; };
		E6DDC4D02472DA360009CFF2 /* SceneDelegate.swift */ = {isa = PBXFileReference; lastKnownFileType = sourcecode.swift; path = SceneDelegate.swift; sourceTree = "<group>"; };
		E6DDC4D72472DA3A0009CFF2 /* Assets.xcassets */ = {isa = PBXFileReference; lastKnownFileType = folder.assetcatalog; path = Assets.xcassets; sourceTree = "<group>"; };
		E6DDC4DA2472DA3A0009CFF2 /* Base */ = {isa = PBXFileReference; lastKnownFileType = file.storyboard; name = Base; path = Base.lproj/LaunchScreen.storyboard; sourceTree = "<group>"; };
		E6DDC4DC2472DA3A0009CFF2 /* Info.plist */ = {isa = PBXFileReference; lastKnownFileType = text.plist.xml; path = Info.plist; sourceTree = "<group>"; };
		E6DDC4E82472DB320009CFF2 /* MainTabController.swift */ = {isa = PBXFileReference; lastKnownFileType = sourcecode.swift; path = MainTabController.swift; sourceTree = "<group>"; };
		E6DDC4EA2472DC280009CFF2 /* FeedController.swift */ = {isa = PBXFileReference; lastKnownFileType = sourcecode.swift; path = FeedController.swift; sourceTree = "<group>"; };
		E6DDC4EC2472DC650009CFF2 /* ExploreController.swift */ = {isa = PBXFileReference; lastKnownFileType = sourcecode.swift; path = ExploreController.swift; sourceTree = "<group>"; };
		E6DDC4EE2472DC750009CFF2 /* ConversationsController.swift */ = {isa = PBXFileReference; lastKnownFileType = sourcecode.swift; path = ConversationsController.swift; sourceTree = "<group>"; };
		E6DDC4F02472DC840009CFF2 /* NotificationsController.swift */ = {isa = PBXFileReference; lastKnownFileType = sourcecode.swift; path = NotificationsController.swift; sourceTree = "<group>"; };
		E6DDC4F22472E1DC0009CFF2 /* Extensions.swift */ = {isa = PBXFileReference; lastKnownFileType = sourcecode.swift; path = Extensions.swift; sourceTree = "<group>"; };
		E6E9145424741877002FE31D /* Constants.swift */ = {isa = PBXFileReference; lastKnownFileType = sourcecode.swift; path = Constants.swift; sourceTree = "<group>"; };
		E6F7829C247A5AEC00F853F0 /* Tweet.swift */ = {isa = PBXFileReference; lastKnownFileType = sourcecode.swift; path = Tweet.swift; sourceTree = "<group>"; };
		E6F7829E247A60BA00F853F0 /* TweetCell.swift */ = {isa = PBXFileReference; lastKnownFileType = sourcecode.swift; path = TweetCell.swift; sourceTree = "<group>"; };
/* End PBXFileReference section */

/* Begin PBXFrameworksBuildPhase section */
		E6DDC4C82472DA360009CFF2 /* Frameworks */ = {
			isa = PBXFrameworksBuildPhase;
			buildActionMask = 2147483647;
			files = (
				5DAE71FF3FBC1C22C8CB8292 /* Pods_Twitter.framework in Frameworks */,
			);
			runOnlyForDeploymentPostprocessing = 0;
		};
/* End PBXFrameworksBuildPhase section */

/* Begin PBXGroup section */
		1AC17D5E161C8BFDAF24254C /* Frameworks */ = {
			isa = PBXGroup;
			children = (
				481F0688BB8B424BD28E2116 /* Pods_Twitter.framework */,
			);
			name = Frameworks;
			sourceTree = "<group>";
		};
		BDCD689FB2F2A5C462FE332E /* Pods */ = {
			isa = PBXGroup;
			children = (
				B9CC78999ED9A32BAD4956A5 /* Pods-Twitter.debug.xcconfig */,
				48C81CCD4CAACF871C9F406D /* Pods-Twitter.release.xcconfig */,
			);
			path = Pods;
			sourceTree = "<group>";
		};
		E600EDC32473950A00F87A35 /* Authentication */ = {
			isa = PBXGroup;
			children = (
				E656C06324739D6400E66F59 /* LoginController.swift */,
				E656C0672473F95300E66F59 /* RegistrationController.swift */,
			);
			path = Authentication;
			sourceTree = "<group>";
		};
		E6DDC4C22472DA360009CFF2 = {
			isa = PBXGroup;
			children = (
				E6DDC4CD2472DA360009CFF2 /* Twitter */,
				E6DDC4CC2472DA360009CFF2 /* Products */,
				BDCD689FB2F2A5C462FE332E /* Pods */,
				1AC17D5E161C8BFDAF24254C /* Frameworks */,
			);
			sourceTree = "<group>";
		};
		E6DDC4CC2472DA360009CFF2 /* Products */ = {
			isa = PBXGroup;
			children = (
				E6DDC4CB2472DA360009CFF2 /* Twitter.app */,
			);
			name = Products;
			sourceTree = "<group>";
		};
		E6DDC4CD2472DA360009CFF2 /* Twitter */ = {
			isa = PBXGroup;
			children = (
				E66DD54D24741DE000B17BA3 /* TwitterRelease.entitlements */,
				E6DDC4E72472DAB60009CFF2 /* Model */,
				E6DDC4E62472DAB10009CFF2 /* View */,
				E6DDC4E52472DAAA0009CFF2 /* ViewModel */,
				E6DDC4E42472DAA30009CFF2 /* Controller */,
				E6DDC4E32472DA9F0009CFF2 /* API */,
				E6DDC4E22472DA910009CFF2 /* Utils */,
				E6DDC4CE2472DA360009CFF2 /* AppDelegate.swift */,
				E6DDC4D02472DA360009CFF2 /* SceneDelegate.swift */,
				E6DDC4D72472DA3A0009CFF2 /* Assets.xcassets */,
				E6DDC4D92472DA3A0009CFF2 /* LaunchScreen.storyboard */,
				E6DDC4DC2472DA3A0009CFF2 /* Info.plist */,
				E6D6677C2474121500E298B7 /* GoogleService-Info.plist */,
			);
			path = Twitter;
			sourceTree = "<group>";
		};
		E6DDC4E22472DA910009CFF2 /* Utils */ = {
			isa = PBXGroup;
			children = (
				E6DDC4F22472E1DC0009CFF2 /* Extensions.swift */,
				E656C0692473FD9B00E66F59 /* Utilties.swift */,
				E6E9145424741877002FE31D /* Constants.swift */,
			);
			path = Utils;
			sourceTree = "<group>";
		};
		E6DDC4E32472DA9F0009CFF2 /* API */ = {
			isa = PBXGroup;
			children = (
				E65B47F624754F9100667AA4 /* AuthService.swift */,
				E60621072478D43D00854C53 /* UserService.swift */,
				E69AF9F52478E9160058372C /* TweetService.swift */,
			);
			path = API;
			sourceTree = "<group>";
		};
		E6DDC4E42472DAA30009CFF2 /* Controller */ = {
			isa = PBXGroup;
			children = (
				E600EDC32473950A00F87A35 /* Authentication */,
				E6DDC4E82472DB320009CFF2 /* MainTabController.swift */,
				E6DDC4EA2472DC280009CFF2 /* FeedController.swift */,
				E6DDC4EC2472DC650009CFF2 /* ExploreController.swift */,
				E6DDC4F02472DC840009CFF2 /* NotificationsController.swift */,
				E6DDC4EE2472DC750009CFF2 /* ConversationsController.swift */,
				E69AF9F12478DED70058372C /* UploadTweetController.swift */,
			);
			path = Controller;
			sourceTree = "<group>";
		};
		E6DDC4E52472DAAA0009CFF2 /* ViewModel */ = {
			isa = PBXGroup;
			children = (
				E64E04F1247C091A005D9E72 /* TweetViewModel.swift */,
			);
			path = ViewModel;
			sourceTree = "<group>";
		};
		E6DDC4E62472DAB10009CFF2 /* View */ = {
			isa = PBXGroup;
			children = (
				E69AF9F32478E5780058372C /* CaptionTextView.swift */,
				E6F7829E247A60BA00F853F0 /* TweetCell.swift */,
			);
			path = View;
			sourceTree = "<group>";
		};
		E6DDC4E72472DAB60009CFF2 /* Model */ = {
			isa = PBXGroup;
			children = (
				E60621092478D72F00854C53 /* User.swift */,
				E6F7829C247A5AEC00F853F0 /* Tweet.swift */,
			);
			path = Model;
			sourceTree = "<group>";
		};
/* End PBXGroup section */

/* Begin PBXNativeTarget section */
		E6DDC4CA2472DA360009CFF2 /* Twitter */ = {
			isa = PBXNativeTarget;
			buildConfigurationList = E6DDC4DF2472DA3A0009CFF2 /* Build configuration list for PBXNativeTarget "Twitter" */;
			buildPhases = (
				25C8508098B0A98316F3A277 /* [CP] Check Pods Manifest.lock */,
				E6DDC4C72472DA360009CFF2 /* Sources */,
				E6DDC4C82472DA360009CFF2 /* Frameworks */,
				E6DDC4C92472DA360009CFF2 /* Resources */,
				BBFA40C390401D0D29C1264F /* [CP] Embed Pods Frameworks */,
			);
			buildRules = (
			);
			dependencies = (
			);
			name = Twitter;
			productName = Twitter;
			productReference = E6DDC4CB2472DA360009CFF2 /* Twitter.app */;
			productType = "com.apple.product-type.application";
		};
/* End PBXNativeTarget section */

/* Begin PBXProject section */
		E6DDC4C32472DA360009CFF2 /* Project object */ = {
			isa = PBXProject;
			attributes = {
				LastSwiftUpdateCheck = 1140;
				LastUpgradeCheck = 1140;
				ORGANIZATIONNAME = "차수연";
				TargetAttributes = {
					E6DDC4CA2472DA360009CFF2 = {
						CreatedOnToolsVersion = 11.4.1;
					};
				};
			};
			buildConfigurationList = E6DDC4C62472DA360009CFF2 /* Build configuration list for PBXProject "Twitter" */;
			compatibilityVersion = "Xcode 9.3";
			developmentRegion = en;
			hasScannedForEncodings = 0;
			knownRegions = (
				en,
				Base,
			);
			mainGroup = E6DDC4C22472DA360009CFF2;
			productRefGroup = E6DDC4CC2472DA360009CFF2 /* Products */;
			projectDirPath = "";
			projectRoot = "";
			targets = (
				E6DDC4CA2472DA360009CFF2 /* Twitter */,
			);
		};
/* End PBXProject section */

/* Begin PBXResourcesBuildPhase section */
		E6DDC4C92472DA360009CFF2 /* Resources */ = {
			isa = PBXResourcesBuildPhase;
			buildActionMask = 2147483647;
			files = (
				E6DDC4DB2472DA3A0009CFF2 /* LaunchScreen.storyboard in Resources */,
				E6DDC4D82472DA3A0009CFF2 /* Assets.xcassets in Resources */,
				E6D6677D2474121500E298B7 /* GoogleService-Info.plist in Resources */,
			);
			runOnlyForDeploymentPostprocessing = 0;
		};
/* End PBXResourcesBuildPhase section */

/* Begin PBXShellScriptBuildPhase section */
		25C8508098B0A98316F3A277 /* [CP] Check Pods Manifest.lock */ = {
			isa = PBXShellScriptBuildPhase;
			buildActionMask = 2147483647;
			files = (
			);
			inputFileListPaths = (
			);
			inputPaths = (
				"${PODS_PODFILE_DIR_PATH}/Podfile.lock",
				"${PODS_ROOT}/Manifest.lock",
			);
			name = "[CP] Check Pods Manifest.lock";
			outputFileListPaths = (
			);
			outputPaths = (
				"$(DERIVED_FILE_DIR)/Pods-Twitter-checkManifestLockResult.txt",
			);
			runOnlyForDeploymentPostprocessing = 0;
			shellPath = /bin/sh;
			shellScript = "diff \"${PODS_PODFILE_DIR_PATH}/Podfile.lock\" \"${PODS_ROOT}/Manifest.lock\" > /dev/null\nif [ $? != 0 ] ; then\n    # print error to STDERR\n    echo \"error: The sandbox is not in sync with the Podfile.lock. Run 'pod install' or update your CocoaPods installation.\" >&2\n    exit 1\nfi\n# This output is used by Xcode 'outputs' to avoid re-running this script phase.\necho \"SUCCESS\" > \"${SCRIPT_OUTPUT_FILE_0}\"\n";
			showEnvVarsInLog = 0;
		};
		BBFA40C390401D0D29C1264F /* [CP] Embed Pods Frameworks */ = {
			isa = PBXShellScriptBuildPhase;
			buildActionMask = 2147483647;
			files = (
			);
			inputFileListPaths = (
				"${PODS_ROOT}/Target Support Files/Pods-Twitter/Pods-Twitter-frameworks-${CONFIGURATION}-input-files.xcfilelist",
			);
			name = "[CP] Embed Pods Frameworks";
			outputFileListPaths = (
				"${PODS_ROOT}/Target Support Files/Pods-Twitter/Pods-Twitter-frameworks-${CONFIGURATION}-output-files.xcfilelist",
			);
			runOnlyForDeploymentPostprocessing = 0;
			shellPath = /bin/sh;
			shellScript = "\"${PODS_ROOT}/Target Support Files/Pods-Twitter/Pods-Twitter-frameworks.sh\"\n";
			showEnvVarsInLog = 0;
		};
/* End PBXShellScriptBuildPhase section */

/* Begin PBXSourcesBuildPhase section */
		E6DDC4C72472DA360009CFF2 /* Sources */ = {
			isa = PBXSourcesBuildPhase;
			buildActionMask = 2147483647;
			files = (
				E60621082478D43D00854C53 /* UserService.swift in Sources */,
				E6DDC4CF2472DA360009CFF2 /* AppDelegate.swift in Sources */,
				E69AF9F42478E5780058372C /* CaptionTextView.swift in Sources */,
				E6DDC4ED2472DC650009CFF2 /* ExploreController.swift in Sources */,
				E6DDC4E92472DB320009CFF2 /* MainTabController.swift in Sources */,
				E6DDC4F32472E1DC0009CFF2 /* Extensions.swift in Sources */,
				E656C06424739D6400E66F59 /* LoginController.swift in Sources */,
				E6F7829F247A60BA00F853F0 /* TweetCell.swift in Sources */,
				E656C06A2473FD9B00E66F59 /* Utilties.swift in Sources */,
				E65B47F724754F9100667AA4 /* AuthService.swift in Sources */,
				E69AF9F22478DED70058372C /* UploadTweetController.swift in Sources */,
				E606210A2478D72F00854C53 /* User.swift in Sources */,
				E6DDC4D12472DA360009CFF2 /* SceneDelegate.swift in Sources */,
				E6DDC4F12472DC840009CFF2 /* NotificationsController.swift in Sources */,
				E6DDC4EF2472DC750009CFF2 /* ConversationsController.swift in Sources */,
				E64E04F2247C091A005D9E72 /* TweetViewModel.swift in Sources */,
				E656C0682473F95300E66F59 /* RegistrationController.swift in Sources */,
				E6DDC4EB2472DC280009CFF2 /* FeedController.swift in Sources */,
				E6E9145524741877002FE31D /* Constants.swift in Sources */,
				E6F7829D247A5AEC00F853F0 /* Tweet.swift in Sources */,
				E69AF9F62478E9160058372C /* TweetService.swift in Sources */,
			);
			runOnlyForDeploymentPostprocessing = 0;
		};
/* End PBXSourcesBuildPhase section */

/* Begin PBXVariantGroup section */
		E6DDC4D92472DA3A0009CFF2 /* LaunchScreen.storyboard */ = {
			isa = PBXVariantGroup;
			children = (
				E6DDC4DA2472DA3A0009CFF2 /* Base */,
			);
			name = LaunchScreen.storyboard;
			sourceTree = "<group>";
		};
/* End PBXVariantGroup section */

/* Begin XCBuildConfiguration section */
		E6DDC4DD2472DA3A0009CFF2 /* Debug */ = {
			isa = XCBuildConfiguration;
			buildSettings = {
				ALWAYS_SEARCH_USER_PATHS = NO;
				CLANG_ANALYZER_NONNULL = YES;
				CLANG_ANALYZER_NUMBER_OBJECT_CONVERSION = YES_AGGRESSIVE;
				CLANG_CXX_LANGUAGE_STANDARD = "gnu++14";
				CLANG_CXX_LIBRARY = "libc++";
				CLANG_ENABLE_MODULES = YES;
				CLANG_ENABLE_OBJC_ARC = YES;
				CLANG_ENABLE_OBJC_WEAK = YES;
				CLANG_WARN_BLOCK_CAPTURE_AUTORELEASING = YES;
				CLANG_WARN_BOOL_CONVERSION = YES;
				CLANG_WARN_COMMA = YES;
				CLANG_WARN_CONSTANT_CONVERSION = YES;
				CLANG_WARN_DEPRECATED_OBJC_IMPLEMENTATIONS = YES;
				CLANG_WARN_DIRECT_OBJC_ISA_USAGE = YES_ERROR;
				CLANG_WARN_DOCUMENTATION_COMMENTS = YES;
				CLANG_WARN_EMPTY_BODY = YES;
				CLANG_WARN_ENUM_CONVERSION = YES;
				CLANG_WARN_INFINITE_RECURSION = YES;
				CLANG_WARN_INT_CONVERSION = YES;
				CLANG_WARN_NON_LITERAL_NULL_CONVERSION = YES;
				CLANG_WARN_OBJC_IMPLICIT_RETAIN_SELF = YES;
				CLANG_WARN_OBJC_LITERAL_CONVERSION = YES;
				CLANG_WARN_OBJC_ROOT_CLASS = YES_ERROR;
				CLANG_WARN_RANGE_LOOP_ANALYSIS = YES;
				CLANG_WARN_STRICT_PROTOTYPES = YES;
				CLANG_WARN_SUSPICIOUS_MOVE = YES;
				CLANG_WARN_UNGUARDED_AVAILABILITY = YES_AGGRESSIVE;
				CLANG_WARN_UNREACHABLE_CODE = YES;
				CLANG_WARN__DUPLICATE_METHOD_MATCH = YES;
				COPY_PHASE_STRIP = NO;
				DEBUG_INFORMATION_FORMAT = dwarf;
				ENABLE_STRICT_OBJC_MSGSEND = YES;
				ENABLE_TESTABILITY = YES;
				GCC_C_LANGUAGE_STANDARD = gnu11;
				GCC_DYNAMIC_NO_PIC = NO;
				GCC_NO_COMMON_BLOCKS = YES;
				GCC_OPTIMIZATION_LEVEL = 0;
				GCC_PREPROCESSOR_DEFINITIONS = (
					"DEBUG=1",
					"$(inherited)",
				);
				GCC_WARN_64_TO_32_BIT_CONVERSION = YES;
				GCC_WARN_ABOUT_RETURN_TYPE = YES_ERROR;
				GCC_WARN_UNDECLARED_SELECTOR = YES;
				GCC_WARN_UNINITIALIZED_AUTOS = YES_AGGRESSIVE;
				GCC_WARN_UNUSED_FUNCTION = YES;
				GCC_WARN_UNUSED_VARIABLE = YES;
				IPHONEOS_DEPLOYMENT_TARGET = 13.4;
				MTL_ENABLE_DEBUG_INFO = INCLUDE_SOURCE;
				MTL_FAST_MATH = YES;
				ONLY_ACTIVE_ARCH = YES;
				SDKROOT = iphoneos;
				SWIFT_ACTIVE_COMPILATION_CONDITIONS = DEBUG;
				SWIFT_OPTIMIZATION_LEVEL = "-Onone";
			};
			name = Debug;
		};
		E6DDC4DE2472DA3A0009CFF2 /* Release */ = {
			isa = XCBuildConfiguration;
			buildSettings = {
				ALWAYS_SEARCH_USER_PATHS = NO;
				CLANG_ANALYZER_NONNULL = YES;
				CLANG_ANALYZER_NUMBER_OBJECT_CONVERSION = YES_AGGRESSIVE;
				CLANG_CXX_LANGUAGE_STANDARD = "gnu++14";
				CLANG_CXX_LIBRARY = "libc++";
				CLANG_ENABLE_MODULES = YES;
				CLANG_ENABLE_OBJC_ARC = YES;
				CLANG_ENABLE_OBJC_WEAK = YES;
				CLANG_WARN_BLOCK_CAPTURE_AUTORELEASING = YES;
				CLANG_WARN_BOOL_CONVERSION = YES;
				CLANG_WARN_COMMA = YES;
				CLANG_WARN_CONSTANT_CONVERSION = YES;
				CLANG_WARN_DEPRECATED_OBJC_IMPLEMENTATIONS = YES;
				CLANG_WARN_DIRECT_OBJC_ISA_USAGE = YES_ERROR;
				CLANG_WARN_DOCUMENTATION_COMMENTS = YES;
				CLANG_WARN_EMPTY_BODY = YES;
				CLANG_WARN_ENUM_CONVERSION = YES;
				CLANG_WARN_INFINITE_RECURSION = YES;
				CLANG_WARN_INT_CONVERSION = YES;
				CLANG_WARN_NON_LITERAL_NULL_CONVERSION = YES;
				CLANG_WARN_OBJC_IMPLICIT_RETAIN_SELF = YES;
				CLANG_WARN_OBJC_LITERAL_CONVERSION = YES;
				CLANG_WARN_OBJC_ROOT_CLASS = YES_ERROR;
				CLANG_WARN_RANGE_LOOP_ANALYSIS = YES;
				CLANG_WARN_STRICT_PROTOTYPES = YES;
				CLANG_WARN_SUSPICIOUS_MOVE = YES;
				CLANG_WARN_UNGUARDED_AVAILABILITY = YES_AGGRESSIVE;
				CLANG_WARN_UNREACHABLE_CODE = YES;
				CLANG_WARN__DUPLICATE_METHOD_MATCH = YES;
				COPY_PHASE_STRIP = NO;
				DEBUG_INFORMATION_FORMAT = "dwarf-with-dsym";
				ENABLE_NS_ASSERTIONS = NO;
				ENABLE_STRICT_OBJC_MSGSEND = YES;
				GCC_C_LANGUAGE_STANDARD = gnu11;
				GCC_NO_COMMON_BLOCKS = YES;
				GCC_WARN_64_TO_32_BIT_CONVERSION = YES;
				GCC_WARN_ABOUT_RETURN_TYPE = YES_ERROR;
				GCC_WARN_UNDECLARED_SELECTOR = YES;
				GCC_WARN_UNINITIALIZED_AUTOS = YES_AGGRESSIVE;
				GCC_WARN_UNUSED_FUNCTION = YES;
				GCC_WARN_UNUSED_VARIABLE = YES;
				IPHONEOS_DEPLOYMENT_TARGET = 13.4;
				MTL_ENABLE_DEBUG_INFO = NO;
				MTL_FAST_MATH = YES;
				SDKROOT = iphoneos;
				SWIFT_COMPILATION_MODE = wholemodule;
				SWIFT_OPTIMIZATION_LEVEL = "-O";
				VALIDATE_PRODUCT = YES;
			};
			name = Release;
		};
		E6DDC4E02472DA3A0009CFF2 /* Debug */ = {
			isa = XCBuildConfiguration;
			baseConfigurationReference = B9CC78999ED9A32BAD4956A5 /* Pods-Twitter.debug.xcconfig */;
			buildSettings = {
				ASSETCATALOG_COMPILER_APPICON_NAME = AppIcon;
				CODE_SIGN_STYLE = Automatic;
				DEVELOPMENT_TEAM = 9D4CTT9QAX;
				INFOPLIST_FILE = Twitter/Info.plist;
				LD_RUNPATH_SEARCH_PATHS = (
					"$(inherited)",
					"@executable_path/Frameworks",
				);
				PRODUCT_BUNDLE_IDENTIFIER = org.suyeon.Twitter;
				PRODUCT_NAME = "$(TARGET_NAME)";
				SWIFT_VERSION = 5.0;
				TARGETED_DEVICE_FAMILY = 1;
			};
			name = Debug;
		};
		E6DDC4E12472DA3A0009CFF2 /* Release */ = {
			isa = XCBuildConfiguration;
			baseConfigurationReference = 48C81CCD4CAACF871C9F406D /* Pods-Twitter.release.xcconfig */;
			buildSettings = {
				ASSETCATALOG_COMPILER_APPICON_NAME = AppIcon;
				CODE_SIGN_ENTITLEMENTS = Twitter/TwitterRelease.entitlements;
				CODE_SIGN_STYLE = Automatic;
				DEVELOPMENT_TEAM = 9D4CTT9QAX;
				INFOPLIST_FILE = Twitter/Info.plist;
				LD_RUNPATH_SEARCH_PATHS = (
					"$(inherited)",
					"@executable_path/Frameworks",
				);
				PRODUCT_BUNDLE_IDENTIFIER = org.suyeon.Twitter;
				PRODUCT_NAME = "$(TARGET_NAME)";
				SWIFT_VERSION = 5.0;
				TARGETED_DEVICE_FAMILY = 1;
			};
			name = Release;
		};
/* End XCBuildConfiguration section */

/* Begin XCConfigurationList section */
		E6DDC4C62472DA360009CFF2 /* Build configuration list for PBXProject "Twitter" */ = {
			isa = XCConfigurationList;
			buildConfigurations = (
				E6DDC4DD2472DA3A0009CFF2 /* Debug */,
				E6DDC4DE2472DA3A0009CFF2 /* Release */,
			);
			defaultConfigurationIsVisible = 0;
			defaultConfigurationName = Release;
		};
		E6DDC4DF2472DA3A0009CFF2 /* Build configuration list for PBXNativeTarget "Twitter" */ = {
			isa = XCConfigurationList;
			buildConfigurations = (
				E6DDC4E02472DA3A0009CFF2 /* Debug */,
				E6DDC4E12472DA3A0009CFF2 /* Release */,
			);
			defaultConfigurationIsVisible = 0;
			defaultConfigurationName = Release;
		};
/* End XCConfigurationList section */
	};
	rootObject = E6DDC4C32472DA360009CFF2 /* Project object */;
}
